<?xml version="1.0" encoding="utf-8"?>
<Project ToolsVersion="4.0" xmlns="http://schemas.microsoft.com/developer/msbuild/2003">
  <ItemGroup>
    <Filter Include="源文件">
      <UniqueIdentifier>{4FC737F1-C7A5-4376-A066-2A32D752A2FF}</UniqueIdentifier>
      <Extensions>cpp;c;cc;cxx;def;odl;idl;hpj;bat;asm;asmx</Extensions>
    </Filter>
    <Filter Include="头文件">
      <UniqueIdentifier>{93995380-89BD-4b04-88EB-625FBE52EBFB}</UniqueIdentifier>
      <Extensions>h;hpp;hxx;hm;inl;inc;xsd</Extensions>
    </Filter>
    <Filter Include="资源文件">
      <UniqueIdentifier>{67DA6AB6-F800-4c08-8B7A-83BB121AAD01}</UniqueIdentifier>
      <Extensions>rc;ico;cur;bmp;dlg;rc2;rct;bin;rgs;gif;jpg;jpeg;jpe;resx;tiff;tif;png;wav;mfcribbon-ms</Extensions>
    </Filter>
    <Filter Include="源文件\json">
      <UniqueIdentifier>{6f8ec4d8-40ca-4322-809b-95c48dc21f78}</UniqueIdentifier>
    </Filter>
    <Filter Include="头文件\json">
      <UniqueIdentifier>{00ac8ba4-5d50-4e81-88ee-6370f279d4b7}</UniqueIdentifier>
    </Filter>
  </ItemGroup>
  <ItemGroup>
    <None Include="ReadMe.txt" />
    <None Include="res\DacrsUI.rc2">
      <Filter>资源文件</Filter>
    </None>
    <None Include="res\DacrsUI.ico">
      <Filter>资源文件</Filter>
    </None>
    <None Include="res\Deals.bmp">
      <Filter>资源文件</Filter>
    </None>
    <None Include="res\IPO.bmp">
      <Filter>资源文件</Filter>
    </None>
    <None Include="res\Logo.bmp">
      <Filter>资源文件</Filter>
    </None>
    <None Include="res\MainUI.bmp">
      <Filter>资源文件</Filter>
    </None>
    <None Include="res\MainUI_1.bmp">
      <Filter>资源文件</Filter>
    </None>
    <None Include="res\MainUI_2.bmp">
      <Filter>资源文件</Filter>
    </None>
    <None Include="res\Mortgage.bmp">
      <Filter>资源文件</Filter>
    </None>
    <None Include="res\P2P.bmp">
      <Filter>资源文件</Filter>
    </None>
    <None Include="res\Receive.bmp">
      <Filter>资源文件</Filter>
    </None>
    <None Include="res\Send.bmp">
      <Filter>资源文件</Filter>
    </None>
    <None Include="res\wndtitlebk.bmp">
      <Filter>资源文件</Filter>
    </None>
    <None Include="json\json_internalarray.inl">
      <Filter>头文件\json</Filter>
    </None>
    <None Include="json\json_internalmap.inl">
      <Filter>头文件\json</Filter>
    </None>
    <None Include="json\json_valueiterator.inl">
      <Filter>头文件\json</Filter>
    </None>
  </ItemGroup>
  <ItemGroup>
    <ClInclude Include="DacrsUI.h">
      <Filter>头文件</Filter>
    </ClInclude>
    <ClInclude Include="DacrsUIDlg.h">
      <Filter>头文件</Filter>
    </ClInclude>
    <ClInclude Include="stdafx.h">
      <Filter>头文件</Filter>
    </ClInclude>
    <ClInclude Include="targetver.h">
      <Filter>头文件</Filter>
    </ClInclude>
    <ClInclude Include="Resource.h">
      <Filter>头文件</Filter>
    </ClInclude>
    <ClInclude Include="IndTitleBar.h">
      <Filter>头文件</Filter>
    </ClInclude>
    <ClInclude Include="RoundButton.h">
      <Filter>头文件</Filter>
    </ClInclude>
    <ClInclude Include="StaticTrans.h">
      <Filter>头文件</Filter>
    </ClInclude>
    <ClInclude Include="ProgStatusBar.h">
      <Filter>头文件</Filter>
    </ClInclude>
    <ClInclude Include="MainDlg.h">
      <Filter>头文件</Filter>
    </ClInclude>
    <ClInclude Include="CommonStruct.h">
      <Filter>头文件</Filter>
    </ClInclude>
    <ClInclude Include="MyMutex.h">
      <Filter>头文件</Filter>
    </ClInclude>
    <ClInclude Include="MyQueue.h">
      <Filter>头文件</Filter>
    </ClInclude>
    <ClInclude Include="PostMsg.h">
      <Filter>头文件</Filter>
    </ClInclude>
    <ClInclude Include="RpcCmd.h">
      <Filter>头文件</Filter>
    </ClInclude>
    <ClInclude Include="SqliteDeal.h">
      <Filter>头文件</Filter>
    </ClInclude>
    <ClInclude Include="SynchronousSocket.h">
      <Filter>头文件</Filter>
    </ClInclude>
    <ClInclude Include="UiHead.h">
      <Filter>头文件</Filter>
    </ClInclude>
    <ClInclude Include="JsonConfigHelp.h">
      <Filter>头文件</Filter>
    </ClInclude>
    <ClInclude Include="json\assertions.h">
      <Filter>头文件</Filter>
    </ClInclude>
    <ClInclude Include="json\autolink.h">
      <Filter>头文件</Filter>
    </ClInclude>
    <ClInclude Include="json\config.h">
      <Filter>头文件</Filter>
    </ClInclude>
    <ClInclude Include="json\features.h">
      <Filter>头文件</Filter>
    </ClInclude>
    <ClInclude Include="json\forwards.h">
      <Filter>头文件</Filter>
    </ClInclude>
    <ClInclude Include="json\reader.h">
      <Filter>头文件</Filter>
    </ClInclude>
    <ClInclude Include="json\value.h">
      <Filter>头文件</Filter>
    </ClInclude>
    <ClInclude Include="json\version.h">
      <Filter>头文件</Filter>
    </ClInclude>
    <ClInclude Include="json\writer.h">
      <Filter>头文件</Filter>
    </ClInclude>
    <ClInclude Include="sqlite3.h">
      <Filter>头文件</Filter>
    </ClInclude>
    <ClInclude Include="Language.h">
      <Filter>头文件</Filter>
    </ClInclude>
    <ClInclude Include="json\json.h">
      <Filter>头文件\json</Filter>
    </ClInclude>
    <ClInclude Include="json\json_batchallocator.h">
      <Filter>头文件\json</Filter>
    </ClInclude>
    <ClInclude Include="json\json_tool.h">
      <Filter>头文件\json</Filter>
    </ClInclude>
    <ClInclude Include="Transfer.h">
      <Filter>头文件</Filter>
    </ClInclude>
    <ClInclude Include="ListAddr.h">
      <Filter>头文件</Filter>
    </ClInclude>
    <ClInclude Include="SignAccountsDlg.h">
      <Filter>头文件</Filter>
    </ClInclude>
  </ItemGroup>
  <ItemGroup>
    <ClCompile Include="DacrsUI.cpp">
      <Filter>源文件</Filter>
    </ClCompile>
    <ClCompile Include="DacrsUIDlg.cpp">
      <Filter>源文件</Filter>
    </ClCompile>
    <ClCompile Include="stdafx.cpp">
      <Filter>源文件</Filter>
    </ClCompile>
    <ClCompile Include="IndTitleBar.cpp">
      <Filter>源文件</Filter>
    </ClCompile>
    <ClCompile Include="RoundButton.cpp">
      <Filter>源文件</Filter>
    </ClCompile>
    <ClCompile Include="StaticTrans.cpp">
      <Filter>源文件</Filter>
    </ClCompile>
    <ClCompile Include="ProgStatusBar.cpp">
      <Filter>源文件</Filter>
    </ClCompile>
    <ClCompile Include="MainDlg.cpp">
      <Filter>源文件</Filter>
    </ClCompile>
    <ClCompile Include="CommonStruct.cpp">
      <Filter>源文件</Filter>
    </ClCompile>
    <ClCompile Include="MyMutex.cpp">
      <Filter>源文件</Filter>
    </ClCompile>
    <ClCompile Include="MyQueue.cpp">
      <Filter>源文件</Filter>
    </ClCompile>
    <ClCompile Include="PostMsg.cpp">
      <Filter>源文件</Filter>
    </ClCompile>
    <ClCompile Include="RpcCmd.cpp">
      <Filter>源文件</Filter>
    </ClCompile>
    <ClCompile Include="SqliteDeal.cpp">
      <Filter>源文件</Filter>
    </ClCompile>
    <ClCompile Include="SynchronousSocket.cpp">
      <Filter>源文件</Filter>
    </ClCompile>
    <ClCompile Include="UiHead.cpp">
      <Filter>源文件</Filter>
    </ClCompile>
    <ClCompile Include="JsonConfigHelp.cpp">
      <Filter>源文件</Filter>
    </ClCompile>
    <ClCompile Include="Language.cpp">
      <Filter>源文件</Filter>
    </ClCompile>
    <ClCompile Include="json\json_value.cpp">
      <Filter>源文件\json</Filter>
    </ClCompile>
    <ClCompile Include="json\json_reader.cpp">
      <Filter>源文件\json</Filter>
    </ClCompile>
    <ClCompile Include="json\json_writer.cpp">
      <Filter>源文件\json</Filter>
    </ClCompile>
    <ClCompile Include="Transfer.cpp">
      <Filter>源文件</Filter>
    </ClCompile>
    <ClCompile Include="ListAddr.cpp">
      <Filter>源文件</Filter>
    </ClCompile>
    <ClCompile Include="SignAccountsDlg.cpp">
      <Filter>源文件</Filter>
    </ClCompile>
  </ItemGroup>
  <ItemGroup>
    <ResourceCompile Include="DacrsUI.rc">
      <Filter>资源文件</Filter>
    </ResourceCompile>
  </ItemGroup>
</Project>