<?xml version="1.0" encoding="utf-8"?>
<Project ToolsVersion="4.0" xmlns="http://schemas.microsoft.com/developer/msbuild/2003">
  <ItemGroup>
    <Filter Include="源文件">
      <UniqueIdentifier>{4FC737F1-C7A5-4376-A066-2A32D752A2FF}</UniqueIdentifier>
      <Extensions>cpp;c;cc;cxx;def;odl;idl;hpj;bat;asm;asmx</Extensions>
    </Filter>
    <Filter Include="头文件">
      <UniqueIdentifier>{93995380-89BD-4b04-88EB-625FBE52EBFB}</UniqueIdentifier>
      <Extensions>h;hpp;hxx;hm;inl;inc;xsd</Extensions>
    </Filter>
    <Filter Include="资源文件">
      <UniqueIdentifier>{67DA6AB6-F800-4c08-8B7A-83BB121AAD01}</UniqueIdentifier>
      <Extensions>rc;ico;cur;bmp;dlg;rc2;rct;bin;rgs;gif;jpg;jpeg;jpe;resx;tiff;tif;png;wav;mfcribbon-ms</Extensions>
    </Filter>
  </ItemGroup>
  <ItemGroup>
    <None Include="ReadMe.txt" />
    <None Include="res\DacrsUI.rc2">
      <Filter>资源文件</Filter>
    </None>
    <None Include="res\DacrsUI.ico">
      <Filter>资源文件</Filter>
    </None>
    <None Include="res\Deals.bmp">
      <Filter>资源文件</Filter>
    </None>
    <None Include="res\IPO.bmp">
      <Filter>资源文件</Filter>
    </None>
    <None Include="res\Logo.bmp">
      <Filter>资源文件</Filter>
    </None>
    <None Include="res\MainUI.bmp">
      <Filter>资源文件</Filter>
    </None>
    <None Include="res\MainUI_1.bmp">
      <Filter>资源文件</Filter>
    </None>
    <None Include="res\MainUI_2.bmp">
      <Filter>资源文件</Filter>
    </None>
    <None Include="res\Mortgage.bmp">
      <Filter>资源文件</Filter>
    </None>
    <None Include="res\P2P.bmp">
      <Filter>资源文件</Filter>
    </None>
    <None Include="res\Receive.bmp">
      <Filter>资源文件</Filter>
    </None>
    <None Include="res\Send.bmp">
      <Filter>资源文件</Filter>
    </None>
    <None Include="res\wndtitlebk.bmp">
      <Filter>资源文件</Filter>
    </None>
  </ItemGroup>
  <ItemGroup>
    <ClInclude Include="DacrsUI.h">
      <Filter>头文件</Filter>
    </ClInclude>
    <ClInclude Include="DacrsUIDlg.h">
      <Filter>头文件</Filter>
    </ClInclude>
    <ClInclude Include="stdafx.h">
      <Filter>头文件</Filter>
    </ClInclude>
    <ClInclude Include="targetver.h">
      <Filter>头文件</Filter>
    </ClInclude>
    <ClInclude Include="Resource.h">
      <Filter>头文件</Filter>
    </ClInclude>
    <ClInclude Include="IndTitleBar.h">
      <Filter>头文件</Filter>
    </ClInclude>
    <ClInclude Include="RoundButton.h">
      <Filter>头文件</Filter>
    </ClInclude>
    <ClInclude Include="StaticTrans.h">
      <Filter>头文件</Filter>
    </ClInclude>
    <ClInclude Include="ProgStatusBar.h">
      <Filter>头文件</Filter>
    </ClInclude>
    <ClInclude Include="MainDlg.h">
      <Filter>头文件</Filter>
    </ClInclude>
  </ItemGroup>
  <ItemGroup>
    <ClCompile Include="DacrsUI.cpp">
      <Filter>源文件</Filter>
    </ClCompile>
    <ClCompile Include="DacrsUIDlg.cpp">
      <Filter>源文件</Filter>
    </ClCompile>
    <ClCompile Include="stdafx.cpp">
      <Filter>源文件</Filter>
    </ClCompile>
    <ClCompile Include="IndTitleBar.cpp">
      <Filter>源文件</Filter>
    </ClCompile>
    <ClCompile Include="RoundButton.cpp">
      <Filter>源文件</Filter>
    </ClCompile>
    <ClCompile Include="StaticTrans.cpp">
      <Filter>源文件</Filter>
    </ClCompile>
    <ClCompile Include="ProgStatusBar.cpp">
      <Filter>源文件</Filter>
    </ClCompile>
    <ClCompile Include="MainDlg.cpp">
      <Filter>源文件</Filter>
    </ClCompile>
  </ItemGroup>
  <ItemGroup>
    <ResourceCompile Include="DacrsUI.rc">
      <Filter>资源文件</Filter>
    </ResourceCompile>
  </ItemGroup>
</Project>